<?xml version="1.0" encoding="utf-8"?>
<Project ToolsVersion="4.0" xmlns="http://schemas.microsoft.com/developer/msbuild/2003">
  <ItemGroup>
    <Natvis Include="../utils/natvis/unigine_stl.natvis" />
  </ItemGroup>
  <ItemGroup>
    <ClCompile Include="AppEditorLogic.cpp">
      <Filter>_Main</Filter>
    </ClCompile>
    <ClCompile Include="AppSystemLogic.cpp">
      <Filter>_Main</Filter>
    </ClCompile>
    <ClCompile Include="AppWorldLogic.cpp">
      <Filter>_Main</Filter>
    </ClCompile>
    <ClCompile Include="ComponentBasics\ComponentCheck.cpp">
      <Filter>Component</Filter>
    </ClCompile>
    <ClCompile Include="main.cpp">
      <Filter>_Main</Filter>
    </ClCompile>
    <ClCompile Include="ComponentBasics\GettingComponentsLogic.cpp">
      <Filter>Component</Filter>
    </ClCompile>
    <ClCompile Include="Movements\Movement.cpp">
      <Filter>Movements</Filter>
    </ClCompile>
    <ClCompile Include="Coroutines\TimeController.cpp">
      <Filter>Coroutines</Filter>
    </ClCompile>
    <ClCompile Include="Coroutines\DayNightCycle.cpp">
      <Filter>Coroutines</Filter>
    </ClCompile>
    <ClCompile Include="Intersections\Simple.cpp">
      <Filter>Intersections</Filter>
    </ClCompile>
  </ItemGroup>
  <ItemGroup>
    <ClInclude Include="AppEditorLogic.h">
      <Filter>_Main</Filter>
    </ClInclude>
    <ClInclude Include="AppSystemLogic.h">
      <Filter>_Main</Filter>
    </ClInclude>
    <ClInclude Include="AppWorldLogic.h">
      <Filter>_Main</Filter>
    </ClInclude>
    <ClInclude Include="ComponentBasics\ComponentCheck.h">
      <Filter>Component</Filter>
    </ClInclude>
    <ClInclude Include="ComponentBasics\GettingComponentsLogic.h">
      <Filter>Component</Filter>
    </ClInclude>
    <ClInclude Include="Movements\Movement.h">
      <Filter>Movements</Filter>
    </ClInclude>
    <ClInclude Include="Coroutines\TimeController.h">
      <Filter>Coroutines</Filter>
    </ClInclude>
    <ClInclude Include="Coroutines\DayNightCycle.h">
      <Filter>Coroutines</Filter>
    </ClInclude>
    <ClInclude Include="Intersections\Simple.h">
      <Filter>Intersections</Filter>
    </ClInclude>
    <ClInclude Include="Movements\ChessMovement.h">
      <Filter>Movements</Filter>
    </ClInclude>
    <ClInclude Include="Movements\ConstMovement.h">
      <Filter>Movements</Filter>
    </ClInclude>
    <ClInclude Include="Movements\PhysicsMovement.h">
      <Filter>Movements</Filter>
    </ClInclude>
  </ItemGroup>
  <ItemGroup>
    <Filter Include="_Main">
      <UniqueIdentifier>{e6497b6c-7d2e-4c24-8629-b514444b2ced}</UniqueIdentifier>
    </Filter>
    <Filter Include="Component">
      <UniqueIdentifier>{48039145-d229-4df7-b1ab-f994b3c1c589}</UniqueIdentifier>
    </Filter>
    <Filter Include="Coroutines">
      <UniqueIdentifier>{90c3df40-548f-4d5f-b497-998fb70baaed}</UniqueIdentifier>
    </Filter>
    <Filter Include="Movements">
      <UniqueIdentifier>{fe89ca32-1bbd-4d69-82e4-d6410a4f8724}</UniqueIdentifier>
    </Filter>
    <Filter Include="Intersections">
      <UniqueIdentifier>{b1e4bf76-85bb-47af-873d-e913247e5c50}</UniqueIdentifier>
    </Filter>
  </ItemGroup>
</Project>